// !$*UTF8*$!
{
	archiveVersion = 1;
	classes = {
	};
	objectVersion = 46;
	objects = {

/* Begin PBXBuildFile section */
		33108BB91F75712000EC2B5F /* AppDelegate.swift in Sources */ = {isa = PBXBuildFile; fileRef = 33108BB81F75712000EC2B5F /* AppDelegate.swift */; };
		33108BBB1F75712000EC2B5F /* ViewController.swift in Sources */ = {isa = PBXBuildFile; fileRef = 33108BBA1F75712000EC2B5F /* ViewController.swift */; };
		33108BBE1F75712000EC2B5F /* Main.storyboard in Resources */ = {isa = PBXBuildFile; fileRef = 33108BBC1F75712000EC2B5F /* Main.storyboard */; };
		33108BC01F75712000EC2B5F /* Assets.xcassets in Resources */ = {isa = PBXBuildFile; fileRef = 33108BBF1F75712000EC2B5F /* Assets.xcassets */; };
		33108BC31F75712000EC2B5F /* LaunchScreen.storyboard in Resources */ = {isa = PBXBuildFile; fileRef = 33108BC11F75712000EC2B5F /* LaunchScreen.storyboard */; };
		33108BCB1F7573CD00EC2B5F /* DecimalMinusTextField.swift in Sources */ = {isa = PBXBuildFile; fileRef = 33108BCA1F7573CD00EC2B5F /* DecimalMinusTextField.swift */; };
/* End PBXBuildFile section */

/* Begin PBXFileReference section */
		33108BB51F75712000EC2B5F /* geocalculator.app */ = {isa = PBXFileReference; explicitFileType = wrapper.application; includeInIndex = 0; path = geocalculator.app; sourceTree = BUILT_PRODUCTS_DIR; };
		33108BB81F75712000EC2B5F /* AppDelegate.swift */ = {isa = PBXFileReference; lastKnownFileType = sourcecode.swift; path = AppDelegate.swift; sourceTree = "<group>"; };
		33108BBA1F75712000EC2B5F /* ViewController.swift */ = {isa = PBXFileReference; lastKnownFileType = sourcecode.swift; path = ViewController.swift; sourceTree = "<group>"; };
		33108BBD1F75712000EC2B5F /* Base */ = {isa = PBXFileReference; lastKnownFileType = file.storyboard; name = Base; path = Base.lproj/Main.storyboard; sourceTree = "<group>"; };
		33108BBF1F75712000EC2B5F /* Assets.xcassets */ = {isa = PBXFileReference; lastKnownFileType = folder.assetcatalog; path = Assets.xcassets; sourceTree = "<group>"; };
		33108BC21F75712000EC2B5F /* Base */ = {isa = PBXFileReference; lastKnownFileType = file.storyboard; name = Base; path = Base.lproj/LaunchScreen.storyboard; sourceTree = "<group>"; };
		33108BC41F75712000EC2B5F /* Info.plist */ = {isa = PBXFileReference; lastKnownFileType = text.plist.xml; path = Info.plist; sourceTree = "<group>"; };
		33108BCA1F7573CD00EC2B5F /* DecimalMinusTextField.swift */ = {isa = PBXFileReference; fileEncoding = 4; lastKnownFileType = sourcecode.swift; path = DecimalMinusTextField.swift; sourceTree = "<group>"; };
/* End PBXFileReference section */

/* Begin PBXFrameworksBuildPhase section */
		33108BB21F75712000EC2B5F /* Frameworks */ = {
			isa = PBXFrameworksBuildPhase;
			buildActionMask = 2147483647;
			files = (
			);
			runOnlyForDeploymentPostprocessing = 0;
		};
/* End PBXFrameworksBuildPhase section */

/* Begin PBXGroup section */
		33108BAC1F75711F00EC2B5F = {
			isa = PBXGroup;
			children = (
				33108BB71F75712000EC2B5F /* geocalculator */,
				33108BB61F75712000EC2B5F /* Products */,
				33108BCA1F7573CD00EC2B5F /* DecimalMinusTextField.swift */,
			);
			sourceTree = "<group>";
		};
		33108BB61F75712000EC2B5F /* Products */ = {
			isa = PBXGroup;
			children = (
				33108BB51F75712000EC2B5F /* geocalculator.app */,
			);
			name = Products;
			sourceTree = "<group>";
		};
		33108BB71F75712000EC2B5F /* geocalculator */ = {
			isa = PBXGroup;
			children = (
				33108BB81F75712000EC2B5F /* AppDelegate.swift */,
				33108BBA1F75712000EC2B5F /* ViewController.swift */,
				33108BBC1F75712000EC2B5F /* Main.storyboard */,
				33108BBF1F75712000EC2B5F /* Assets.xcassets */,
				33108BC11F75712000EC2B5F /* LaunchScreen.storyboard */,
				33108BC41F75712000EC2B5F /* Info.plist */,
			);
			path = geocalculator;
			sourceTree = "<group>";
		};
/* End PBXGroup section */

/* Begin PBXNativeTarget section */
		33108BB41F75712000EC2B5F /* geocalculator */ = {
			isa = PBXNativeTarget;
			buildConfigurationList = 33108BC71F75712000EC2B5F /* Build configuration list for PBXNativeTarget "geocalculator" */;
			buildPhases = (
				33108BB11F75712000EC2B5F /* Sources */,
				33108BB21F75712000EC2B5F /* Frameworks */,
				33108BB31F75712000EC2B5F /* Resources */,
			);
			buildRules = (
			);
			dependencies = (
			);
			name = geocalculator;
			productName = geocalculator;
			productReference = 33108BB51F75712000EC2B5F /* geocalculator.app */;
			productType = "com.apple.product-type.application";
		};
/* End PBXNativeTarget section */

/* Begin PBXProject section */
		33108BAD1F75711F00EC2B5F /* Project object */ = {
			isa = PBXProject;
			attributes = {
				LastSwiftUpdateCheck = 0830;
				LastUpgradeCheck = 0830;
				ORGANIZATIONNAME = "GVSU School of Computing";
				TargetAttributes = {
					33108BB41F75712000EC2B5F = {
						CreatedOnToolsVersion = 8.3.3;
						ProvisioningStyle = Automatic;
					};
				};
			};
			buildConfigurationList = 33108BB01F75711F00EC2B5F /* Build configuration list for PBXProject "geocalculator" */;
			compatibilityVersion = "Xcode 3.2";
			developmentRegion = English;
			hasScannedForEncodings = 0;
			knownRegions = (
				en,
				Base,
			);
			mainGroup = 33108BAC1F75711F00EC2B5F;
			productRefGroup = 33108BB61F75712000EC2B5F /* Products */;
			projectDirPath = "";
			projectRoot = "";
			targets = (
				33108BB41F75712000EC2B5F /* geocalculator */,
			);
		};
/* End PBXProject section */

/* Begin PBXResourcesBuildPhase section */
		33108BB31F75712000EC2B5F /* Resources */ = {
			isa = PBXResourcesBuildPhase;
			buildActionMask = 2147483647;
			files = (
				33108BC31F75712000EC2B5F /* LaunchScreen.storyboard in Resources */,
				33108BC01F75712000EC2B5F /* Assets.xcassets in Resources */,
				33108BBE1F75712000EC2B5F /* Main.storyboard in Resources */,
			);
			runOnlyForDeploymentPostprocessing = 0;
		};
/* End PBXResourcesBuildPhase section */

/* Begin PBXSourcesBuildPhase section */
		33108BB11F75712000EC2B5F /* Sources */ = {
			isa = PBXSourcesBuildPhase;
			buildActionMask = 2147483647;
			files = (
				33108BCB1F7573CD00EC2B5F /* DecimalMinusTextField.swift in Sources */,
				33108BBB1F75712000EC2B5F /* ViewController.swift in Sources */,
				33108BB91F75712000EC2B5F /* AppDelegate.swift in Sources */,
			);
			runOnlyForDeploymentPostprocessing = 0;
		};
/* End PBXSourcesBuildPhase section */

/* Begin PBXVariantGroup section */
		33108BBC1F75712000EC2B5F /* Main.storyboard */ = {
			isa = PBXVariantGroup;
			children = (
				33108BBD1F75712000EC2B5F /* Base */,
			);
			name = Main.storyboard;
			sourceTree = "<group>";
		};
		33108BC11F75712000EC2B5F /* LaunchScreen.storyboard */ = {
			isa = PBXVariantGroup;
			children = (
				33108BC21F75712000EC2B5F /* Base */,
			);
			name = LaunchScreen.storyboard;
			sourceTree = "<group>";
		};
/* End PBXVariantGroup section */

/* Begin XCBuildConfiguration section */
		33108BC51F75712000EC2B5F /* Debug */ = {
			isa = XCBuildConfiguration;
			buildSettings = {
				ALWAYS_SEARCH_USER_PATHS = NO;
				CLANG_ANALYZER_NONNULL = YES;
				CLANG_ANALYZER_NUMBER_OBJECT_CONVERSION = YES_AGGRESSIVE;
				CLANG_CXX_LANGUAGE_STANDARD = "gnu++0x";
				CLANG_CXX_LIBRARY = "libc++";
				CLANG_ENABLE_MODULES = YES;
				CLANG_ENABLE_OBJC_ARC = YES;
				CLANG_WARN_BOOL_CONVERSION = YES;
				CLANG_WARN_CONSTANT_CONVERSION = YES;
				CLANG_WARN_DIRECT_OBJC_ISA_USAGE = YES_ERROR;
				CLANG_WARN_DOCUMENTATION_COMMENTS = YES;
				CLANG_WARN_EMPTY_BODY = YES;
				CLANG_WARN_ENUM_CONVERSION = YES;
				CLANG_WARN_INFINITE_RECURSION = YES;
				CLANG_WARN_INT_CONVERSION = YES;
				CLANG_WARN_OBJC_ROOT_CLASS = YES_ERROR;
				CLANG_WARN_SUSPICIOUS_MOVE = YES;
				CLANG_WARN_UNREACHABLE_CODE = YES;
				CLANG_WARN__DUPLICATE_METHOD_MATCH = YES;
				"CODE_SIGN_IDENTITY[sdk=iphoneos*]" = "iPhone Developer";
				COPY_PHASE_STRIP = NO;
				DEBUG_INFORMATION_FORMAT = dwarf;
				ENABLE_STRICT_OBJC_MSGSEND = YES;
				ENABLE_TESTABILITY = YES;
				GCC_C_LANGUAGE_STANDARD = gnu99;
				GCC_DYNAMIC_NO_PIC = NO;
				GCC_NO_COMMON_BLOCKS = YES;
				GCC_OPTIMIZATION_LEVEL = 0;
				GCC_PREPROCESSOR_DEFINITIONS = (
					"DEBUG=1",
					"$(inherited)",
				);
				GCC_WARN_64_TO_32_BIT_CONVERSION = YES;
				GCC_WARN_ABOUT_RETURN_TYPE = YES_ERROR;
				GCC_WARN_UNDECLARED_SELECTOR = YES;
				GCC_WARN_UNINITIALIZED_AUTOS = YES_AGGRESSIVE;
				GCC_WARN_UNUSED_FUNCTION = YES;
				GCC_WARN_UNUSED_VARIABLE = YES;
				IPHONEOS_DEPLOYMENT_TARGET = 10.3;
				MTL_ENABLE_DEBUG_INFO = YES;
				ONLY_ACTIVE_ARCH = YES;
				SDKROOT = iphoneos;
				SWIFT_ACTIVE_COMPILATION_CONDITIONS = DEBUG;
				SWIFT_OPTIMIZATION_LEVEL = "-Onone";
			};
			name = Debug;
		};
		33108BC61F75712000EC2B5F /* Release */ = {
			isa = XCBuildConfiguration;
			buildSettings = {
				ALWAYS_SEARCH_USER_PATHS = NO;
				CLANG_ANALYZER_NONNULL = YES;
				CLANG_ANALYZER_NUMBER_OBJECT_CONVERSION = YES_AGGRESSIVE;
				CLANG_CXX_LANGUAGE_STANDARD = "gnu++0x";
				CLANG_CXX_LIBRARY = "libc++";
				CLANG_ENABLE_MODULES = YES;
				CLANG_ENABLE_OBJC_ARC = YES;
				CLANG_WARN_BOOL_CONVERSION = YES;
				CLANG_WARN_CONSTANT_CONVERSION = YES;
				CLANG_WARN_DIRECT_OBJC_ISA_USAGE = YES_ERROR;
				CLANG_WARN_DOCUMENTATION_COMMENTS = YES;
				CLANG_WARN_EMPTY_BODY = YES;
				CLANG_WARN_ENUM_CONVERSION = YES;
				CLANG_WARN_INFINITE_RECURSION = YES;
				CLANG_WARN_INT_CONVERSION = YES;
				CLANG_WARN_OBJC_ROOT_CLASS = YES_ERROR;
				CLANG_WARN_SUSPICIOUS_MOVE = YES;
				CLANG_WARN_UNREACHABLE_CODE = YES;
				CLANG_WARN__DUPLICATE_METHOD_MATCH = YES;
				"CODE_SIGN_IDENTITY[sdk=iphoneos*]" = "iPhone Developer";
				COPY_PHASE_STRIP = NO;
				DEBUG_INFORMATION_FORMAT = "dwarf-with-dsym";
				ENABLE_NS_ASSERTIONS = NO;
				ENABLE_STRICT_OBJC_MSGSEND = YES;
				GCC_C_LANGUAGE_STANDARD = gnu99;
				GCC_NO_COMMON_BLOCKS = YES;
				GCC_WARN_64_TO_32_BIT_CONVERSION = YES;
				GCC_WARN_ABOUT_RETURN_TYPE = YES_ERROR;
				GCC_WARN_UNDECLARED_SELECTOR = YES;
				GCC_WARN_UNINITIALIZED_AUTOS = YES_AGGRESSIVE;
				GCC_WARN_UNUSED_FUNCTION = YES;
				GCC_WARN_UNUSED_VARIABLE = YES;
				IPHONEOS_DEPLOYMENT_TARGET = 10.3;
				MTL_ENABLE_DEBUG_INFO = NO;
				SDKROOT = iphoneos;
				SWIFT_OPTIMIZATION_LEVEL = "-Owholemodule";
				VALIDATE_PRODUCT = YES;
			};
			name = Release;
		};
		33108BC81F75712000EC2B5F /* Debug */ = {
			isa = XCBuildConfiguration;
			buildSettings = {
				ASSETCATALOG_COMPILER_APPICON_NAME = AppIcon;
				INFOPLIST_FILE = geocalculator/Info.plist;
				LD_RUNPATH_SEARCH_PATHS = "$(inherited) @executable_path/Frameworks";
				PRODUCT_BUNDLE_IDENTIFIER = edu.gvsu.cis.DrewVM.geocalculator;
				PRODUCT_NAME = "$(TARGET_NAME)";
				SWIFT_VERSION = 3.0;
			};
			name = Debug;
		};
		33108BC91F75712000EC2B5F /* Release */ = {
			isa = XCBuildConfiguration;
			buildSettings = {
				ASSETCATALOG_COMPILER_APPICON_NAME = AppIcon;
				INFOPLIST_FILE = geocalculator/Info.plist;
				LD_RUNPATH_SEARCH_PATHS = "$(inherited) @executable_path/Frameworks";
				PRODUCT_BUNDLE_IDENTIFIER = edu.gvsu.cis.DrewVM.geocalculator;
				PRODUCT_NAME = "$(TARGET_NAME)";
				SWIFT_VERSION = 3.0;
			};
			name = Release;
		};
/* End XCBuildConfiguration section */

/* Begin XCConfigurationList section */
		33108BB01F75711F00EC2B5F /* Build configuration list for PBXProject "geocalculator" */ = {
			isa = XCConfigurationList;
			buildConfigurations = (
				33108BC51F75712000EC2B5F /* Debug */,
				33108BC61F75712000EC2B5F /* Release */,
			);
			defaultConfigurationIsVisible = 0;
			defaultConfigurationName = Release;
		};
		33108BC71F75712000EC2B5F /* Build configuration list for PBXNativeTarget "geocalculator" */ = {
			isa = XCConfigurationList;
			buildConfigurations = (
				33108BC81F75712000EC2B5F /* Debug */,
				33108BC91F75712000EC2B5F /* Release */,
			);
			defaultConfigurationIsVisible = 0;
		};
/* End XCConfigurationList section */
	};
	rootObject = 33108BAD1F75711F00EC2B5F /* Project object */;
}
